github.com/garyburd/redigo v1.6.3 h1:HCeeRluvAgMusMomi1+6Y5dmFOdYV/JzoRrrbFlkGIc=
github.com/garyburd/redigo v1.6.3/go.mod h1:rTb6epsqigu3kYKBnaF028A7Tf/Aw5s0cqA47doKKqw=
github.com/go-sql-driver/mysql v1.6.0 h1:BCTh4TKNUYmOmMUcQ3IipzF5prigylS7XXjEkfCHuOE=
github.com/go-sql-driver/mysql v1.6.0/go.mod h1:DCzpHaOWr8IXmIStZouvnhqoel9Qv2LBy8hT2VhHyBg=
github.com/golang/glog v1.0.0 h1:nfP3RFugxnNRyKgeWd4oI1nYvXpxrx8ck8ZrcizshdQ=
github.com/golang/glog v1.0.0/go.mod h1:EWib/APOK0SL3dFbYqvxE3UYd8E6s1ouQ7iEp/0LWV4=
github.com/icodeface/grdp v0.0.0-20200414055757-e0008b0b5cb2 h1:ygCqbylErDVlQ3ykPaa8lmfrbPQoiGcOlSgC+Ej8VgI=
github.com/icodeface/grdp v0.0.0-20200414055757-e0008b0b5cb2/go.mod h1:AENknrjjTG+yAL3EFNMDxSALP140yz4RXJOqIwGulig=
github.com/icodeface/tls v0.0.0-20190904082144-a3e1fe30543e h1:3V+yaobzgt0CfQTbMoTEwDY5qbvrVnRgr96JBZ00Vhw=
github.com/icodeface/tls v0.0.0-20190904082144-a3e1fe30543e/go.mod h1:VJNHW2GxCtQP/IQtXykBIPBV8maPJ/dHWirVTwm9GwY=
github.com/kr/pretty v0.2.1 h1:Fmg33tUaq4/8ym9TJN1x7sLJnHVwhP33CNkpYV/7rwI=
github.com/kr/pretty v0.2.1/go.mod h1:ipq/a2n7PKx3OHsz4KJII5eveXtPO4qwEXGdVfWzfnI=
github.com/kr/pty v1.1.1/go.mod h1:pFQYn66WHrOpPYNljwOMqo10TkYh1fy3cYio2l3bCsQ=
github.com/kr/text v0.1.0 h1:45sCR5RtlFHMR4UwH9sdQ5TC8v0qDQCHnXt+kaKSTVE=
github.com/kr/text v0.1.0/go.mod h1:4Jbv+DJW3UT/LiOwJeYQe1efqtUx/iVham/4vfdArNI=
github.com/kward/go-vnc v0.0.0-20171220234551-a2352a89d118 h1:7DDVeXZEgn5hqk+eroEFEbVEfjj4F70vFCEPWNev+Ps=
github.com/kward/go-vnc v0.0.0-20171220234551-a2352a89d118/go.mod h1:/jc21Pl8uDPRDColkr/X6tjps3YvGRpJYiMPqRD0fZk=
github.com/lib/pq v1.10.4 h1:SO9z7FRPzA03QhHKJrH5BXA6HU1rS4V2nIVrrNC1iYk=
github.com/lib/pq v1.10.4/go.mod h1:AlVN5x4E4T544tWzH6hKfbfQvm3HdbOxrmggDNAPY9o=
github.com/lunixbochs/struc v0.0.0-20190326164542-a9e4041416c2 h1:xvBq0/ARZLqmB57m6jds017I+KtXPcsKBHv6dUUac4A=
github.com/lunixbochs/struc v0.0.0-20190326164542-a9e4041416c2/go.mod h1:iOJu9pApjjmEmNq7PqlA5R9mDu/HMF5EM3llWKX/TyA=
github.com/panjf2000/ants v1.2.1 h1:IlhLREssFi+YFOITnHdH3FHhulY6WDS0OB9e7+3fMHk=
github.com/panjf2000/ants v1.2.1/go.mod h1:AaACblRPzq35m1g3enqYcxspbbiOJJYaxU2wMpm1cXY=
github.com/prasad83/goftp v0.0.0-20210325080443-f57aaed46a32 h1:M5NgckSuVabJL6XfuBYclDbFu/PnrryRQyreGkQuims=
github.com/prasad83/goftp v0.0.0-20210325080443-f57aaed46a32/go.mod h1:WkmqX+l/lW8boCoanBDTyrSWqrIvwP7NYm/zVT15Da0=
github.com/secsy/goftp v0.0.0-20200609142545-aa2de14babf4 h1:PT+ElG/UUFMfqy5HrxJxNzj3QBOf7dZwupeVC+mG1Lo=
github.com/secsy/goftp v0.0.0-20200609142545-aa2de14babf4/go.mod h1:MnkX001NG75g3p8bhFycnyIjeQoOjGL6CEIsdE/nKSY=
golang.org/x/crypto v0.0.0-20190308221718-c2843e01d9a2/go.mod h1:djNgcEr1/C05ACkg1iLfiJU5Ep61QUkGW8qpdssI0+w=
golang.org/x/crypto v0.0.0-20190909091759-094676da4a83/go.mod h1:yigFU9vqHzYiE8UmvKecakEJjdnWj3jj499lnFckfCI=
golang.org/x/crypto v0.0.0-20200622213623-75b288015ac9 h1:psW17arqaxU48Z5kZ0CQnkZWQJsqcURM6tKiBApRjXI=
golang.org/x/crypto v0.0.0-20200622213623-75b288015ac9/go.mod h1:LzIPMQfyMNhhGPhUkYOs5KpL4U8rLKemX1yGLhDgUto=
golang.org/x/net v0.0.0-20190404232315-eb5bcb51f2a3 h1:0GoQqolDA55aaLxZyTzK/Y2ePZzZTUrRacwib7cNsYQ=
golang.org/x/net v0.0.0-20190404232315-eb5bcb51f2a3/go.mod h1:t9HGtf8HONx5eT2rtn7q6eTqICYqUVnKs3thJo3Qplg=
golang.org/x/sys v0.0.0-20190215142949-d0b11bdaac8a/go.mod h1:STP8DvDyc/dI5b8T5hshtkjS+E42TnysNCUPdjciGhY=
golang.org/x/sys v0.0.0-20190412213103-97732733099d/go.mod h1:h1NjWce9XRLGQEsW7wpKNCjG9DtNlClVuFLEZdDNbEs=
golang.org/x/sys v0.0.0-20200930185726-fdedc70b468f h1:+Nyd8tzPX9R7BWHguqsrbFdRx3WQ/1ib8I44HXV5yTA=
golang.org/x/sys v0.0.0-20200930185726-fdedc70b468f/go.mod h1:h1NjWce9XRLGQEsW7wpKNCjG9DtNlClVuFLEZdDNbEs=
golang.org/x/text v0.3.0/go.mod h1:NqM8EUOU14njkJ3fqMW+pc6Ldnwhi/IjpwHt7yyuwOQ=
gopkg.in/check.v1 v0.0.0-20161208181325-20d25e280405/go.mod h1:Co6ibVJAznAaIkqp8huTwlJQCZ016jof/cbN4VW5Yz0=
gopkg.in/check.v1 v1.0.0-20201130134442-10cb98267c6c h1:Hei/4ADfdWqJk1ZMxUNpqntNwaWcugrBjAiHlqqRiVk=
gopkg.in/check.v1 v1.0.0-20201130134442-10cb98267c6c/go.mod h1:JHkPIbrfpd72SG/EVd6muEfDQjcINNoR0C8j2r3qZ4Q=
gopkg.in/mgo.v2 v2.0.0-20190816093944-a6b53ec6cb22 h1:VpOs+IwYnYBaFnrNAeB8UUWtL3vEUnzSCL1nVjPhqrw=
gopkg.in/mgo.v2 v2.0.0-20190816093944-a6b53ec6cb22/go.mod h1:yeKp02qBN3iKW1OzL3MGk2IdtZzaj7SFntXj72NppTA=
gopkg.in/yaml.v2 v2.4.0 h1:D8xgwECY7CYvx+Y2n4sBz93Jn9JRvxdiyyo8CTfuKaY=
gopkg.in/yaml.v2 v2.4.0/go.mod h1:RDklbk79AGWmwhnvt/jBztapEOGDOx6ZbXqjP6csGnQ=
